// !$*UTF8*$!
{
	archiveVersion = 1;
	classes = {
	};
	objectVersion = 52;
	objects = {

/* Begin PBXBuildFile section */
		460897D724229967007FF4C0 /* CloudKit.framework in Frameworks */ = {isa = PBXBuildFile; fileRef = 460897D624229967007FF4C0 /* CloudKit.framework */; };
		464FFA64240CC5DF00D2AEB7 /* SDWebImageSwiftUI in Frameworks */ = {isa = PBXBuildFile; productRef = 464FFA63240CC5DF00D2AEB7 /* SDWebImageSwiftUI */; };
		464FFA66240D79EB00D2AEB7 /* DisplayArticles.swift in Sources */ = {isa = PBXBuildFile; fileRef = 464FFA65240D79EB00D2AEB7 /* DisplayArticles.swift */; };
		464FFA68240D7A7200D2AEB7 /* DetailedView.swift in Sources */ = {isa = PBXBuildFile; fileRef = 464FFA67240D7A7200D2AEB7 /* DetailedView.swift */; };
		464FFA6A240D91AA00D2AEB7 /* SwiftUIWebView.swift in Sources */ = {isa = PBXBuildFile; fileRef = 464FFA69240D91AA00D2AEB7 /* SwiftUIWebView.swift */; };
		464FFA6C240F0BAB00D2AEB7 /* TrendingView.swift in Sources */ = {isa = PBXBuildFile; fileRef = 464FFA6B240F0BAB00D2AEB7 /* TrendingView.swift */; };
		468E2254240CA2A900ABFF37 /* AppDelegate.swift in Sources */ = {isa = PBXBuildFile; fileRef = 468E2253240CA2A900ABFF37 /* AppDelegate.swift */; };
		468E2256240CA2A900ABFF37 /* SceneDelegate.swift in Sources */ = {isa = PBXBuildFile; fileRef = 468E2255240CA2A900ABFF37 /* SceneDelegate.swift */; };
		468E2258240CA2A900ABFF37 /* ContentView.swift in Sources */ = {isa = PBXBuildFile; fileRef = 468E2257240CA2A900ABFF37 /* ContentView.swift */; };
		468E225A240CA2AA00ABFF37 /* Assets.xcassets in Resources */ = {isa = PBXBuildFile; fileRef = 468E2259240CA2AA00ABFF37 /* Assets.xcassets */; };
		468E225D240CA2AA00ABFF37 /* Preview Assets.xcassets in Resources */ = {isa = PBXBuildFile; fileRef = 468E225C240CA2AA00ABFF37 /* Preview Assets.xcassets */; };
		468E2260240CA2AA00ABFF37 /* LaunchScreen.storyboard in Resources */ = {isa = PBXBuildFile; fileRef = 468E225E240CA2AA00ABFF37 /* LaunchScreen.storyboard */; };
		468E2269240CA42700ABFF37 /* Article.swift in Sources */ = {isa = PBXBuildFile; fileRef = 468E2268240CA42700ABFF37 /* Article.swift */; };
		4692C6012429716200E6D131 /* CoronaVirusView.swift in Sources */ = {isa = PBXBuildFile; fileRef = 4692C6002429716200E6D131 /* CoronaVirusView.swift */; };
		4692C6032429A5D200E6D131 /* CovidCountries.swift in Sources */ = {isa = PBXBuildFile; fileRef = 4692C6022429A5D200E6D131 /* CovidCountries.swift */; };
		4692C609242D873200E6D131 /* BNOViewModel.swift in Sources */ = {isa = PBXBuildFile; fileRef = 4692C608242D873200E6D131 /* BNOViewModel.swift */; };
		4692C60B242D8CC100E6D131 /* BNOView.swift in Sources */ = {isa = PBXBuildFile; fileRef = 4692C60A242D8CC100E6D131 /* BNOView.swift */; };
		4692C60E242DA1EF00E6D131 /* SwiftSoup in Frameworks */ = {isa = PBXBuildFile; productRef = 4692C60D242DA1EF00E6D131 /* SwiftSoup */; };
		4692C6112433F41800E6D131 /* BNODetailView.swift in Sources */ = {isa = PBXBuildFile; fileRef = 4692C6102433F41800E6D131 /* BNODetailView.swift */; };
		46AD9CF9241863FC0050C677 /* WebView.swift in Sources */ = {isa = PBXBuildFile; fileRef = 46AD9CF8241863FC0050C677 /* WebView.swift */; };
/* End PBXBuildFile section */

/* Begin PBXFileReference section */
		460897D424229955007FF4C0 /* Newsist.entitlements */ = {isa = PBXFileReference; lastKnownFileType = text.plist.entitlements; path = Newsist.entitlements; sourceTree = "<group>"; };
		460897D624229967007FF4C0 /* CloudKit.framework */ = {isa = PBXFileReference; lastKnownFileType = wrapper.framework; name = CloudKit.framework; path = System/Library/Frameworks/CloudKit.framework; sourceTree = SDKROOT; };
		464FFA65240D79EB00D2AEB7 /* DisplayArticles.swift */ = {isa = PBXFileReference; lastKnownFileType = sourcecode.swift; path = DisplayArticles.swift; sourceTree = "<group>"; };
		464FFA67240D7A7200D2AEB7 /* DetailedView.swift */ = {isa = PBXFileReference; lastKnownFileType = sourcecode.swift; path = DetailedView.swift; sourceTree = "<group>"; };
		464FFA69240D91AA00D2AEB7 /* SwiftUIWebView.swift */ = {isa = PBXFileReference; lastKnownFileType = sourcecode.swift; path = SwiftUIWebView.swift; sourceTree = "<group>"; };
		464FFA6B240F0BAB00D2AEB7 /* TrendingView.swift */ = {isa = PBXFileReference; lastKnownFileType = sourcecode.swift; path = TrendingView.swift; sourceTree = "<group>"; };
		468E2250240CA2A900ABFF37 /* Newsist.app */ = {isa = PBXFileReference; explicitFileType = wrapper.application; includeInIndex = 0; path = Newsist.app; sourceTree = BUILT_PRODUCTS_DIR; };
		468E2253240CA2A900ABFF37 /* AppDelegate.swift */ = {isa = PBXFileReference; lastKnownFileType = sourcecode.swift; path = AppDelegate.swift; sourceTree = "<group>"; };
		468E2255240CA2A900ABFF37 /* SceneDelegate.swift */ = {isa = PBXFileReference; lastKnownFileType = sourcecode.swift; path = SceneDelegate.swift; sourceTree = "<group>"; };
		468E2257240CA2A900ABFF37 /* ContentView.swift */ = {isa = PBXFileReference; lastKnownFileType = sourcecode.swift; path = ContentView.swift; sourceTree = "<group>"; };
		468E2259240CA2AA00ABFF37 /* Assets.xcassets */ = {isa = PBXFileReference; lastKnownFileType = folder.assetcatalog; path = Assets.xcassets; sourceTree = "<group>"; };
		468E225C240CA2AA00ABFF37 /* Preview Assets.xcassets */ = {isa = PBXFileReference; lastKnownFileType = folder.assetcatalog; path = "Preview Assets.xcassets"; sourceTree = "<group>"; };
		468E225F240CA2AA00ABFF37 /* Base */ = {isa = PBXFileReference; lastKnownFileType = file.storyboard; name = Base; path = Base.lproj/LaunchScreen.storyboard; sourceTree = "<group>"; };
		468E2261240CA2AA00ABFF37 /* Info.plist */ = {isa = PBXFileReference; lastKnownFileType = text.plist.xml; path = Info.plist; sourceTree = "<group>"; };
		468E2268240CA42700ABFF37 /* Article.swift */ = {isa = PBXFileReference; lastKnownFileType = sourcecode.swift; path = Article.swift; sourceTree = "<group>"; };
		4692C6002429716200E6D131 /* CoronaVirusView.swift */ = {isa = PBXFileReference; lastKnownFileType = sourcecode.swift; path = CoronaVirusView.swift; sourceTree = "<group>"; };
		4692C6022429A5D200E6D131 /* CovidCountries.swift */ = {isa = PBXFileReference; lastKnownFileType = sourcecode.swift; path = CovidCountries.swift; sourceTree = "<group>"; };
		4692C608242D873200E6D131 /* BNOViewModel.swift */ = {isa = PBXFileReference; lastKnownFileType = sourcecode.swift; path = BNOViewModel.swift; sourceTree = "<group>"; };
		4692C60A242D8CC100E6D131 /* BNOView.swift */ = {isa = PBXFileReference; lastKnownFileType = sourcecode.swift; path = BNOView.swift; sourceTree = "<group>"; };
		4692C6102433F41800E6D131 /* BNODetailView.swift */ = {isa = PBXFileReference; lastKnownFileType = sourcecode.swift; path = BNODetailView.swift; sourceTree = "<group>"; };
		46AD9CF8241863FC0050C677 /* WebView.swift */ = {isa = PBXFileReference; lastKnownFileType = sourcecode.swift; path = WebView.swift; sourceTree = "<group>"; };
/* End PBXFileReference section */

/* Begin PBXFrameworksBuildPhase section */
		468E224D240CA2A900ABFF37 /* Frameworks */ = {
			isa = PBXFrameworksBuildPhase;
			buildActionMask = 2147483647;
			files = (
				464FFA64240CC5DF00D2AEB7 /* SDWebImageSwiftUI in Frameworks */,
				460897D724229967007FF4C0 /* CloudKit.framework in Frameworks */,
				4692C60E242DA1EF00E6D131 /* SwiftSoup in Frameworks */,
			);
			runOnlyForDeploymentPostprocessing = 0;
		};
/* End PBXFrameworksBuildPhase section */

/* Begin PBXGroup section */
		460897D524229967007FF4C0 /* Frameworks */ = {
			isa = PBXGroup;
			children = (
				460897D624229967007FF4C0 /* CloudKit.framework */,
			);
			name = Frameworks;
			sourceTree = "<group>";
		};
		468E2247240CA2A900ABFF37 = {
			isa = PBXGroup;
			children = (
				468E2267240CA3DD00ABFF37 /* Model */,
				468E2252240CA2A900ABFF37 /* Newsist */,
				468E2251240CA2A900ABFF37 /* Products */,
				460897D524229967007FF4C0 /* Frameworks */,
			);
			sourceTree = "<group>";
		};
		468E2251240CA2A900ABFF37 /* Products */ = {
			isa = PBXGroup;
			children = (
				468E2250240CA2A900ABFF37 /* Newsist.app */,
			);
			name = Products;
			sourceTree = "<group>";
		};
		468E2252240CA2A900ABFF37 /* Newsist */ = {
			isa = PBXGroup;
			children = (
				460897D424229955007FF4C0 /* Newsist.entitlements */,
				468E2253240CA2A900ABFF37 /* AppDelegate.swift */,
				468E2255240CA2A900ABFF37 /* SceneDelegate.swift */,
				468E2257240CA2A900ABFF37 /* ContentView.swift */,
				464FFA65240D79EB00D2AEB7 /* DisplayArticles.swift */,
				464FFA67240D7A7200D2AEB7 /* DetailedView.swift */,
				464FFA6B240F0BAB00D2AEB7 /* TrendingView.swift */,
				46AD9CF8241863FC0050C677 /* WebView.swift */,
				464FFA69240D91AA00D2AEB7 /* SwiftUIWebView.swift */,
				4692C6002429716200E6D131 /* CoronaVirusView.swift */,
				4692C608242D873200E6D131 /* BNOViewModel.swift */,
				4692C60A242D8CC100E6D131 /* BNOView.swift */,
				4692C6102433F41800E6D131 /* BNODetailView.swift */,
				468E2259240CA2AA00ABFF37 /* Assets.xcassets */,
				468E225E240CA2AA00ABFF37 /* LaunchScreen.storyboard */,
				468E2261240CA2AA00ABFF37 /* Info.plist */,
				468E225B240CA2AA00ABFF37 /* Preview Content */,
			);
			path = Newsist;
			sourceTree = "<group>";
		};
		468E225B240CA2AA00ABFF37 /* Preview Content */ = {
			isa = PBXGroup;
			children = (
				468E225C240CA2AA00ABFF37 /* Preview Assets.xcassets */,
			);
			path = "Preview Content";
			sourceTree = "<group>";
		};
		468E2267240CA3DD00ABFF37 /* Model */ = {
			isa = PBXGroup;
			children = (
				468E2268240CA42700ABFF37 /* Article.swift */,
				4692C6022429A5D200E6D131 /* CovidCountries.swift */,
			);
			path = Model;
			sourceTree = "<group>";
		};
/* End PBXGroup section */

/* Begin PBXNativeTarget section */
		468E224F240CA2A900ABFF37 /* Newsist */ = {
			isa = PBXNativeTarget;
			buildConfigurationList = 468E2264240CA2AA00ABFF37 /* Build configuration list for PBXNativeTarget "Newsist" */;
			buildPhases = (
				468E224C240CA2A900ABFF37 /* Sources */,
				468E224D240CA2A900ABFF37 /* Frameworks */,
				468E224E240CA2A900ABFF37 /* Resources */,
			);
			buildRules = (
			);
			dependencies = (
			);
			name = Newsist;
			packageProductDependencies = (
				464FFA63240CC5DF00D2AEB7 /* SDWebImageSwiftUI */,
				4692C60D242DA1EF00E6D131 /* SwiftSoup */,
			);
			productName = Newsist;
			productReference = 468E2250240CA2A900ABFF37 /* Newsist.app */;
			productType = "com.apple.product-type.application";
		};
/* End PBXNativeTarget section */

/* Begin PBXProject section */
		468E2248240CA2A900ABFF37 /* Project object */ = {
			isa = PBXProject;
			attributes = {
				LastSwiftUpdateCheck = 1130;
				LastUpgradeCheck = 1130;
				ORGANIZATIONNAME = "Larry Shannon";
				TargetAttributes = {
					468E224F240CA2A900ABFF37 = {
						CreatedOnToolsVersion = 11.3.1;
					};
				};
			};
			buildConfigurationList = 468E224B240CA2A900ABFF37 /* Build configuration list for PBXProject "Newsist" */;
			compatibilityVersion = "Xcode 9.3";
			developmentRegion = en;
			hasScannedForEncodings = 0;
			knownRegions = (
				en,
				Base,
			);
			mainGroup = 468E2247240CA2A900ABFF37;
			packageReferences = (
				464FFA62240CC5DF00D2AEB7 /* XCRemoteSwiftPackageReference "SDWebImageSwiftUI" */,
				4692C60C242DA1EF00E6D131 /* XCRemoteSwiftPackageReference "SwiftSoup" */,
			);
			productRefGroup = 468E2251240CA2A900ABFF37 /* Products */;
			projectDirPath = "";
			projectRoot = "";
			targets = (
				468E224F240CA2A900ABFF37 /* Newsist */,
			);
		};
/* End PBXProject section */

/* Begin PBXResourcesBuildPhase section */
		468E224E240CA2A900ABFF37 /* Resources */ = {
			isa = PBXResourcesBuildPhase;
			buildActionMask = 2147483647;
			files = (
				468E2260240CA2AA00ABFF37 /* LaunchScreen.storyboard in Resources */,
				468E225D240CA2AA00ABFF37 /* Preview Assets.xcassets in Resources */,
				468E225A240CA2AA00ABFF37 /* Assets.xcassets in Resources */,
			);
			runOnlyForDeploymentPostprocessing = 0;
		};
/* End PBXResourcesBuildPhase section */

/* Begin PBXSourcesBuildPhase section */
		468E224C240CA2A900ABFF37 /* Sources */ = {
			isa = PBXSourcesBuildPhase;
			buildActionMask = 2147483647;
			files = (
				464FFA68240D7A7200D2AEB7 /* DetailedView.swift in Sources */,
				4692C6112433F41800E6D131 /* BNODetailView.swift in Sources */,
				464FFA6A240D91AA00D2AEB7 /* SwiftUIWebView.swift in Sources */,
				464FFA6C240F0BAB00D2AEB7 /* TrendingView.swift in Sources */,
				468E2269240CA42700ABFF37 /* Article.swift in Sources */,
				4692C609242D873200E6D131 /* BNOViewModel.swift in Sources */,
				468E2254240CA2A900ABFF37 /* AppDelegate.swift in Sources */,
				468E2256240CA2A900ABFF37 /* SceneDelegate.swift in Sources */,
				4692C6032429A5D200E6D131 /* CovidCountries.swift in Sources */,
				464FFA66240D79EB00D2AEB7 /* DisplayArticles.swift in Sources */,
				46AD9CF9241863FC0050C677 /* WebView.swift in Sources */,
				4692C60B242D8CC100E6D131 /* BNOView.swift in Sources */,
				4692C6012429716200E6D131 /* CoronaVirusView.swift in Sources */,
				468E2258240CA2A900ABFF37 /* ContentView.swift in Sources */,
			);
			runOnlyForDeploymentPostprocessing = 0;
		};
/* End PBXSourcesBuildPhase section */

/* Begin PBXVariantGroup section */
		468E225E240CA2AA00ABFF37 /* LaunchScreen.storyboard */ = {
			isa = PBXVariantGroup;
			children = (
				468E225F240CA2AA00ABFF37 /* Base */,
			);
			name = LaunchScreen.storyboard;
			sourceTree = "<group>";
		};
/* End PBXVariantGroup section */

/* Begin XCBuildConfiguration section */
		468E2262240CA2AA00ABFF37 /* Debug */ = {
			isa = XCBuildConfiguration;
			buildSettings = {
				ALWAYS_SEARCH_USER_PATHS = NO;
				CLANG_ANALYZER_NONNULL = YES;
				CLANG_ANALYZER_NUMBER_OBJECT_CONVERSION = YES_AGGRESSIVE;
				CLANG_CXX_LANGUAGE_STANDARD = "gnu++14";
				CLANG_CXX_LIBRARY = "libc++";
				CLANG_ENABLE_MODULES = YES;
				CLANG_ENABLE_OBJC_ARC = YES;
				CLANG_ENABLE_OBJC_WEAK = YES;
				CLANG_WARN_BLOCK_CAPTURE_AUTORELEASING = YES;
				CLANG_WARN_BOOL_CONVERSION = YES;
				CLANG_WARN_COMMA = YES;
				CLANG_WARN_CONSTANT_CONVERSION = YES;
				CLANG_WARN_DEPRECATED_OBJC_IMPLEMENTATIONS = YES;
				CLANG_WARN_DIRECT_OBJC_ISA_USAGE = YES_ERROR;
				CLANG_WARN_DOCUMENTATION_COMMENTS = YES;
				CLANG_WARN_EMPTY_BODY = YES;
				CLANG_WARN_ENUM_CONVERSION = YES;
				CLANG_WARN_INFINITE_RECURSION = YES;
				CLANG_WARN_INT_CONVERSION = YES;
				CLANG_WARN_NON_LITERAL_NULL_CONVERSION = YES;
				CLANG_WARN_OBJC_IMPLICIT_RETAIN_SELF = YES;
				CLANG_WARN_OBJC_LITERAL_CONVERSION = YES;
				CLANG_WARN_OBJC_ROOT_CLASS = YES_ERROR;
				CLANG_WARN_RANGE_LOOP_ANALYSIS = YES;
				CLANG_WARN_STRICT_PROTOTYPES = YES;
				CLANG_WARN_SUSPICIOUS_MOVE = YES;
				CLANG_WARN_UNGUARDED_AVAILABILITY = YES_AGGRESSIVE;
				CLANG_WARN_UNREACHABLE_CODE = YES;
				CLANG_WARN__DUPLICATE_METHOD_MATCH = YES;
				COPY_PHASE_STRIP = NO;
				DEBUG_INFORMATION_FORMAT = dwarf;
				ENABLE_STRICT_OBJC_MSGSEND = YES;
				ENABLE_TESTABILITY = YES;
				GCC_C_LANGUAGE_STANDARD = gnu11;
				GCC_DYNAMIC_NO_PIC = NO;
				GCC_NO_COMMON_BLOCKS = YES;
				GCC_OPTIMIZATION_LEVEL = 0;
				GCC_PREPROCESSOR_DEFINITIONS = (
					"DEBUG=1",
					"$(inherited)",
				);
				GCC_WARN_64_TO_32_BIT_CONVERSION = YES;
				GCC_WARN_ABOUT_RETURN_TYPE = YES_ERROR;
				GCC_WARN_UNDECLARED_SELECTOR = YES;
				GCC_WARN_UNINITIALIZED_AUTOS = YES_AGGRESSIVE;
				GCC_WARN_UNUSED_FUNCTION = YES;
				GCC_WARN_UNUSED_VARIABLE = YES;
				IPHONEOS_DEPLOYMENT_TARGET = 13.2;
				MTL_ENABLE_DEBUG_INFO = INCLUDE_SOURCE;
				MTL_FAST_MATH = YES;
				ONLY_ACTIVE_ARCH = YES;
				SDKROOT = iphoneos;
				SWIFT_ACTIVE_COMPILATION_CONDITIONS = DEBUG;
				SWIFT_OPTIMIZATION_LEVEL = "-Onone";
			};
			name = Debug;
		};
		468E2263240CA2AA00ABFF37 /* Release */ = {
			isa = XCBuildConfiguration;
			buildSettings = {
				ALWAYS_SEARCH_USER_PATHS = NO;
				CLANG_ANALYZER_NONNULL = YES;
				CLANG_ANALYZER_NUMBER_OBJECT_CONVERSION = YES_AGGRESSIVE;
				CLANG_CXX_LANGUAGE_STANDARD = "gnu++14";
				CLANG_CXX_LIBRARY = "libc++";
				CLANG_ENABLE_MODULES = YES;
				CLANG_ENABLE_OBJC_ARC = YES;
				CLANG_ENABLE_OBJC_WEAK = YES;
				CLANG_WARN_BLOCK_CAPTURE_AUTORELEASING = YES;
				CLANG_WARN_BOOL_CONVERSION = YES;
				CLANG_WARN_COMMA = YES;
				CLANG_WARN_CONSTANT_CONVERSION = YES;
				CLANG_WARN_DEPRECATED_OBJC_IMPLEMENTATIONS = YES;
				CLANG_WARN_DIRECT_OBJC_ISA_USAGE = YES_ERROR;
				CLANG_WARN_DOCUMENTATION_COMMENTS = YES;
				CLANG_WARN_EMPTY_BODY = YES;
				CLANG_WARN_ENUM_CONVERSION = YES;
				CLANG_WARN_INFINITE_RECURSION = YES;
				CLANG_WARN_INT_CONVERSION = YES;
				CLANG_WARN_NON_LITERAL_NULL_CONVERSION = YES;
				CLANG_WARN_OBJC_IMPLICIT_RETAIN_SELF = YES;
				CLANG_WARN_OBJC_LITERAL_CONVERSION = YES;
				CLANG_WARN_OBJC_ROOT_CLASS = YES_ERROR;
				CLANG_WARN_RANGE_LOOP_ANALYSIS = YES;
				CLANG_WARN_STRICT_PROTOTYPES = YES;
				CLANG_WARN_SUSPICIOUS_MOVE = YES;
				CLANG_WARN_UNGUARDED_AVAILABILITY = YES_AGGRESSIVE;
				CLANG_WARN_UNREACHABLE_CODE = YES;
				CLANG_WARN__DUPLICATE_METHOD_MATCH = YES;
				COPY_PHASE_STRIP = NO;
				DEBUG_INFORMATION_FORMAT = "dwarf-with-dsym";
				ENABLE_NS_ASSERTIONS = NO;
				ENABLE_STRICT_OBJC_MSGSEND = YES;
				GCC_C_LANGUAGE_STANDARD = gnu11;
				GCC_NO_COMMON_BLOCKS = YES;
				GCC_WARN_64_TO_32_BIT_CONVERSION = YES;
				GCC_WARN_ABOUT_RETURN_TYPE = YES_ERROR;
				GCC_WARN_UNDECLARED_SELECTOR = YES;
				GCC_WARN_UNINITIALIZED_AUTOS = YES_AGGRESSIVE;
				GCC_WARN_UNUSED_FUNCTION = YES;
				GCC_WARN_UNUSED_VARIABLE = YES;
				IPHONEOS_DEPLOYMENT_TARGET = 13.2;
				MTL_ENABLE_DEBUG_INFO = NO;
				MTL_FAST_MATH = YES;
				SDKROOT = iphoneos;
				SWIFT_COMPILATION_MODE = wholemodule;
				SWIFT_OPTIMIZATION_LEVEL = "-O";
				VALIDATE_PRODUCT = YES;
			};
			name = Release;
		};
		468E2265240CA2AA00ABFF37 /* Debug */ = {
			isa = XCBuildConfiguration;
			buildSettings = {
				ASSETCATALOG_COMPILER_APPICON_NAME = AppIcon;
				CODE_SIGN_ENTITLEMENTS = Newsist/Newsist.entitlements;
				CODE_SIGN_IDENTITY = "Apple Development";
				CODE_SIGN_STYLE = Automatic;
				CURRENT_PROJECT_VERSION = 10;
				DEVELOPMENT_ASSET_PATHS = "\"Newsist/Preview Content\"";
				DEVELOPMENT_TEAM = DDDAQ32TPA;
				ENABLE_PREVIEWS = YES;
				INFOPLIST_FILE = Newsist/Info.plist;
				LD_RUNPATH_SEARCH_PATHS = (
					"$(inherited)",
					"@executable_path/Frameworks",
				);
				PRODUCT_BUNDLE_IDENTIFIER = com.breakawaydesign.articiles;
				PRODUCT_NAME = "$(TARGET_NAME)";
				PROVISIONING_PROFILE_SPECIFIER = "";
				SWIFT_VERSION = 5.0;
				TARGETED_DEVICE_FAMILY = "1,2";
			};
			name = Debug;
		};
		468E2266240CA2AA00ABFF37 /* Release */ = {
			isa = XCBuildConfiguration;
			buildSettings = {
				ASSETCATALOG_COMPILER_APPICON_NAME = AppIcon;
				CODE_SIGN_ENTITLEMENTS = Newsist/Newsist.entitlements;
				CODE_SIGN_IDENTITY = "Apple Development";
				CODE_SIGN_STYLE = Automatic;
				CURRENT_PROJECT_VERSION = 10;
				DEVELOPMENT_ASSET_PATHS = "\"Newsist/Preview Content\"";
				DEVELOPMENT_TEAM = DDDAQ32TPA;
				ENABLE_PREVIEWS = YES;
				INFOPLIST_FILE = Newsist/Info.plist;
				LD_RUNPATH_SEARCH_PATHS = (
					"$(inherited)",
					"@executable_path/Frameworks",
				);
				PRODUCT_BUNDLE_IDENTIFIER = com.breakawaydesign.articiles;
				PRODUCT_NAME = "$(TARGET_NAME)";
				PROVISIONING_PROFILE_SPECIFIER = "";
				SWIFT_VERSION = 5.0;
				TARGETED_DEVICE_FAMILY = "1,2";
			};
			name = Release;
		};
/* End XCBuildConfiguration section */

/* Begin XCConfigurationList section */
		468E224B240CA2A900ABFF37 /* Build configuration list for PBXProject "Newsist" */ = {
			isa = XCConfigurationList;
			buildConfigurations = (
				468E2262240CA2AA00ABFF37 /* Debug */,
				468E2263240CA2AA00ABFF37 /* Release */,
			);
			defaultConfigurationIsVisible = 0;
			defaultConfigurationName = Release;
		};
		468E2264240CA2AA00ABFF37 /* Build configuration list for PBXNativeTarget "Newsist" */ = {
			isa = XCConfigurationList;
			buildConfigurations = (
				468E2265240CA2AA00ABFF37 /* Debug */,
				468E2266240CA2AA00ABFF37 /* Release */,
			);
			defaultConfigurationIsVisible = 0;
			defaultConfigurationName = Release;
		};
/* End XCConfigurationList section */

/* Begin XCRemoteSwiftPackageReference section */
		464FFA62240CC5DF00D2AEB7 /* XCRemoteSwiftPackageReference "SDWebImageSwiftUI" */ = {
			isa = XCRemoteSwiftPackageReference;
			repositoryURL = "https://github.com/SDWebImage/SDWebImageSwiftUI";
			requirement = {
				kind = upToNextMajorVersion;
				minimumVersion = 0.10.3;
			};
		};
		4692C60C242DA1EF00E6D131 /* XCRemoteSwiftPackageReference "SwiftSoup" */ = {
			isa = XCRemoteSwiftPackageReference;
			repositoryURL = "https://github.com/scinfu/SwiftSoup.git";
			requirement = {
				kind = upToNextMajorVersion;
				minimumVersion = 2.3.1;
			};
		};
/* End XCRemoteSwiftPackageReference section */

/* Begin XCSwiftPackageProductDependency section */
		464FFA63240CC5DF00D2AEB7 /* SDWebImageSwiftUI */ = {
			isa = XCSwiftPackageProductDependency;
			package = 464FFA62240CC5DF00D2AEB7 /* XCRemoteSwiftPackageReference "SDWebImageSwiftUI" */;
			productName = SDWebImageSwiftUI;
		};
		4692C60D242DA1EF00E6D131 /* SwiftSoup */ = {
			isa = XCSwiftPackageProductDependency;
			package = 4692C60C242DA1EF00E6D131 /* XCRemoteSwiftPackageReference "SwiftSoup" */;
			productName = SwiftSoup;
		};
/* End XCSwiftPackageProductDependency section */
	};
	rootObject = 468E2248240CA2A900ABFF37 /* Project object */;
}
